
Microsoft Visual Studio Solution File, Format Version 12.00
Project("{FAE04EC0-301F-11D3-BF4B-00C04F79EFBC}") = "Snail.Toolkit.AI.Ollama", "src\Snail.Toolkit.AI.Ollama.csproj", "{2034CF0A-44D0-4DDD-88DF-6E18CBF1252A}"
EndProject
Project("{FAE04EC0-301F-11D3-BF4B-00C04F79EFBC}") = "Snail.Toolkit.AI.Ollama.Tests", "tests\Snail.Toolkit.AI.Ollama.Tests.csproj", "{205AD77C-CCD4-42F6-B927-45E5F352984D}"
EndProject
Global
	GlobalSection(SolutionConfigurationPlatforms) = preSolution
		Debug|Any CPU = Debug|Any CPU
		Release|Any CPU = Release|Any CPU
	EndGlobalSection
	GlobalSection(ProjectConfigurationPlatforms) = postSolution
		{2034CF0A-44D0-4DDD-88DF-6E18CBF1252A}.Debug|Any CPU.ActiveCfg = Debug|Any CPU
		{2034CF0A-44D0-4DDD-88DF-6E18CBF1252A}.Debug|Any CPU.Build.0 = Debug|Any CPU
		{2034CF0A-44D0-4DDD-88DF-6E18CBF1252A}.Release|Any CPU.ActiveCfg = Release|Any CPU
		{2034CF0A-44D0-4DDD-88DF-6E18CBF1252A}.Release|Any CPU.Build.0 = Release|Any CPU
		{205AD77C-CCD4-42F6-B927-45E5F352984D}.Debug|Any CPU.ActiveCfg = Debug|Any CPU
		{205AD77C-CCD4-42F6-B927-45E5F352984D}.Debug|Any CPU.Build.0 = Debug|Any CPU
		{205AD77C-CCD4-42F6-B927-45E5F352984D}.Release|Any CPU.ActiveCfg = Release|Any CPU
		{205AD77C-CCD4-42F6-B927-45E5F352984D}.Release|Any CPU.Build.0 = Release|Any CPU
	EndGlobalSection
	GlobalSection(SolutionProperties) = preSolution
		HideSolutionNode = FALSE
	EndGlobalSection
EndGlobal
